
Microsoft Visual Studio Solution File, Format Version 12.00
# Visual Studio Version 16
VisualStudioVersion = 16.0.33214.272
MinimumVisualStudioVersion = 10.0.40219.1
Project("{FAE04EC0-301F-11D3-BF4B-00C04F79EFBC}") = "CoffeShopDataBaseLab04", "CoffeShopDataBaseLab04\CoffeShopDataBaseLab04.csproj", "{10E23E01-856F-4073-9C9A-2A8B839C7D5E}"
EndProject
Project("{FAE04EC0-301F-11D3-BF4B-00C04F79EFBC}") = "MyClassLibrary", "MyClassLibrary\MyClassLibrary.csproj", "{F6FE3D6C-33B8-4073-9A38-FFD9A71C3A33}"
EndProject
Global
	GlobalSection(SolutionConfigurationPlatforms) = preSolution
		Debug|Any CPU = Debug|Any CPU
		Release|Any CPU = Release|Any CPU
	EndGlobalSection
	GlobalSection(ProjectConfigurationPlatforms) = postSolution
		{10E23E01-856F-4073-9C9A-2A8B839C7D5E}.Debug|Any CPU.ActiveCfg = Debug|Any CPU
		{10E23E01-856F-4073-9C9A-2A8B839C7D5E}.Debug|Any CPU.Build.0 = Debug|Any CPU
		{10E23E01-856F-4073-9C9A-2A8B839C7D5E}.Release|Any CPU.ActiveCfg = Release|Any CPU
		{10E23E01-856F-4073-9C9A-2A8B839C7D5E}.Release|Any CPU.Build.0 = Release|Any CPU
		{F6FE3D6C-33B8-4073-9A38-FFD9A71C3A33}.Debug|Any CPU.ActiveCfg = Debug|Any CPU
		{F6FE3D6C-33B8-4073-9A38-FFD9A71C3A33}.Debug|Any CPU.Build.0 = Debug|Any CPU
		{F6FE3D6C-33B8-4073-9A38-FFD9A71C3A33}.Release|Any CPU.ActiveCfg = Release|Any CPU
		{F6FE3D6C-33B8-4073-9A38-FFD9A71C3A33}.Release|Any CPU.Build.0 = Release|Any CPU
	EndGlobalSection
	GlobalSection(SolutionProperties) = preSolution
		HideSolutionNode = FALSE
	EndGlobalSection
	GlobalSection(ExtensibilityGlobals) = postSolution
		SolutionGuid = {2F3CC889-97A4-4D69-B464-8C6142A6C29F}
	EndGlobalSection
EndGlobal
